
Microsoft Visual Studio Solution File, Format Version 10.00
# Visual Studio 2008
Project("{8BC9CEB8-8B4A-11D0-8D11-00A0C91BC942}") = "bag", "bag.vcproj", "{D4B4D189-8F65-39DB-AA65-72BB1A9446A1}"
	ProjectSection(ProjectDependencies) = postProject
		{152CE948-F659-4206-A50A-1D2B9658EF96} = {152CE948-F659-4206-A50A-1D2B9658EF96}
		{B4FAF65F-3337-3833-8BCE-F8FF1B1CD74B} = {B4FAF65F-3337-3833-8BCE-F8FF1B1CD74B}
		{B48D759D-ACB0-36C2-B346-88B35672D96A} = {B48D759D-ACB0-36C2-B346-88B35672D96A}
		{703042D6-B0B3-37CB-BC58-6B028390D448} = {703042D6-B0B3-37CB-BC58-6B028390D448}
	EndProjectSection
EndProject
Project("{8BC9CEB8-8B4A-11D0-8D11-00A0C91BC942}") = "beecrypt", "..\..\extlibs\beecrypt\msvc2008\beecrypt.vcproj", "{703042D6-B0B3-37CB-BC58-6B028390D448}"
EndProject
Project("{8BC9CEB8-8B4A-11D0-8D11-00A0C91BC942}") = "hdf5", "..\..\extlibs\hdf5-1.8.5-patch1\msvc2008\hdf5.vcproj", "{B48D759D-ACB0-36C2-B346-88B35672D96A}"
	ProjectSection(ProjectDependencies) = postProject
		{B4FAF65F-3337-3833-8BCE-F8FF1B1CD74B} = {B4FAF65F-3337-3833-8BCE-F8FF1B1CD74B}
	EndProjectSection
EndProject
Project("{8BC9CEB8-8B4A-11D0-8D11-00A0C91BC942}") = "zlib", "..\..\extlibs\zlib-1.2.5\msvc2008\zlib.vcproj", "{B4FAF65F-3337-3833-8BCE-F8FF1B1CD74B}"
EndProject
Project("{8BC9CEB8-8B4A-11D0-8D11-00A0C91BC942}") = "XercesLib", "..\..\extlibs\xercesc\Projects\Win32\VC9\XercesLib.vcproj", "{152CE948-F659-4206-A50A-1D2B9658EF96}"
EndProject
Global
	GlobalSection(SolutionConfigurationPlatforms) = preSolution
		Debug|Win32 = Debug|Win32
		Debug|x64 = Debug|x64
		Release|Win32 = Release|Win32
		Release|x64 = Release|x64
	EndGlobalSection
	GlobalSection(ProjectConfigurationPlatforms) = postSolution
		{D4B4D189-8F65-39DB-AA65-72BB1A9446A1}.Debug|Win32.ActiveCfg = Debug|Win32
		{D4B4D189-8F65-39DB-AA65-72BB1A9446A1}.Debug|Win32.Build.0 = Debug|Win32
		{D4B4D189-8F65-39DB-AA65-72BB1A9446A1}.Debug|x64.ActiveCfg = Debug|x64
		{D4B4D189-8F65-39DB-AA65-72BB1A9446A1}.Debug|x64.Build.0 = Debug|x64
		{D4B4D189-8F65-39DB-AA65-72BB1A9446A1}.Release|Win32.ActiveCfg = Release|Win32
		{D4B4D189-8F65-39DB-AA65-72BB1A9446A1}.Release|Win32.Build.0 = Release|Win32
		{D4B4D189-8F65-39DB-AA65-72BB1A9446A1}.Release|x64.ActiveCfg = Release|x64
		{D4B4D189-8F65-39DB-AA65-72BB1A9446A1}.Release|x64.Build.0 = Release|x64
		{703042D6-B0B3-37CB-BC58-6B028390D448}.Debug|Win32.ActiveCfg = Debug|Win32
		{703042D6-B0B3-37CB-BC58-6B028390D448}.Debug|Win32.Build.0 = Debug|Win32
		{703042D6-B0B3-37CB-BC58-6B028390D448}.Debug|x64.ActiveCfg = Debug|x64
		{703042D6-B0B3-37CB-BC58-6B028390D448}.Debug|x64.Build.0 = Debug|x64
		{703042D6-B0B3-37CB-BC58-6B028390D448}.Release|Win32.ActiveCfg = Release|Win32
		{703042D6-B0B3-37CB-BC58-6B028390D448}.Release|Win32.Build.0 = Release|Win32
		{703042D6-B0B3-37CB-BC58-6B028390D448}.Release|x64.ActiveCfg = Release|x64
		{703042D6-B0B3-37CB-BC58-6B028390D448}.Release|x64.Build.0 = Release|x64
		{B48D759D-ACB0-36C2-B346-88B35672D96A}.Debug|Win32.ActiveCfg = Debug|Win32
		{B48D759D-ACB0-36C2-B346-88B35672D96A}.Debug|Win32.Build.0 = Debug|Win32
		{B48D759D-ACB0-36C2-B346-88B35672D96A}.Debug|x64.ActiveCfg = Debug|x64
		{B48D759D-ACB0-36C2-B346-88B35672D96A}.Debug|x64.Build.0 = Debug|x64
		{B48D759D-ACB0-36C2-B346-88B35672D96A}.Release|Win32.ActiveCfg = Release|Win32
		{B48D759D-ACB0-36C2-B346-88B35672D96A}.Release|Win32.Build.0 = Release|Win32
		{B48D759D-ACB0-36C2-B346-88B35672D96A}.Release|x64.ActiveCfg = Release|x64
		{B48D759D-ACB0-36C2-B346-88B35672D96A}.Release|x64.Build.0 = Release|x64
		{B4FAF65F-3337-3833-8BCE-F8FF1B1CD74B}.Debug|Win32.ActiveCfg = Debug|Win32
		{B4FAF65F-3337-3833-8BCE-F8FF1B1CD74B}.Debug|Win32.Build.0 = Debug|Win32
		{B4FAF65F-3337-3833-8BCE-F8FF1B1CD74B}.Debug|x64.ActiveCfg = Debug|x64
		{B4FAF65F-3337-3833-8BCE-F8FF1B1CD74B}.Debug|x64.Build.0 = Debug|x64
		{B4FAF65F-3337-3833-8BCE-F8FF1B1CD74B}.Release|Win32.ActiveCfg = Release|Win32
		{B4FAF65F-3337-3833-8BCE-F8FF1B1CD74B}.Release|Win32.Build.0 = Release|Win32
		{B4FAF65F-3337-3833-8BCE-F8FF1B1CD74B}.Release|x64.ActiveCfg = Release|x64
		{B4FAF65F-3337-3833-8BCE-F8FF1B1CD74B}.Release|x64.Build.0 = Release|x64
		{152CE948-F659-4206-A50A-1D2B9658EF96}.Debug|Win32.ActiveCfg = Debug|Win32
		{152CE948-F659-4206-A50A-1D2B9658EF96}.Debug|Win32.Build.0 = Debug|Win32
		{152CE948-F659-4206-A50A-1D2B9658EF96}.Debug|x64.ActiveCfg = Debug|x64
		{152CE948-F659-4206-A50A-1D2B9658EF96}.Debug|x64.Build.0 = Debug|x64
		{152CE948-F659-4206-A50A-1D2B9658EF96}.Release|Win32.ActiveCfg = Release|Win32
		{152CE948-F659-4206-A50A-1D2B9658EF96}.Release|Win32.Build.0 = Release|Win32
		{152CE948-F659-4206-A50A-1D2B9658EF96}.Release|x64.ActiveCfg = Release|x64
		{152CE948-F659-4206-A50A-1D2B9658EF96}.Release|x64.Build.0 = Release|x64
	EndGlobalSection
	GlobalSection(SolutionProperties) = preSolution
		HideSolutionNode = FALSE
	EndGlobalSection
EndGlobal
