Microsoft Visual Studio Solution File, Format Version 8.00
Project("{8BC9CEB8-8B4A-11D0-8D11-00A0C91BC942}") = "bag", "bag.vcproj", "{0658F8CF-5158-3D02-B18E-6B159F552323}"
	ProjectSection(ProjectDependencies) = postProject
	EndProjectSection
EndProject
Project("{8BC9CEB8-8B4A-11D0-8D11-00A0C91BC942}") = "beecrypt", "..\extlibs\beecrypt\beecrypt.vcproj", "{0EBD1012-DEFF-37BE-BE58-3E99E0158F3A}"
	ProjectSection(ProjectDependencies) = postProject
	EndProjectSection
EndProject
Project("{8BC9CEB8-8B4A-11D0-8D11-00A0C91BC942}") = "hdf5", "..\extlibs\hdf5\hdf5.vcproj", "{2243CE43-21B7-31C3-9696-F30C93D7A537}"
	ProjectSection(ProjectDependencies) = postProject
	EndProjectSection
EndProject
Project("{8BC9CEB8-8B4A-11D0-8D11-00A0C91BC942}") = "XercesLib", "..\extlibs\xercesc\Projects\Win32\VC7\XercesLib.vcproj", "{152CE948-F659-4206-A50A-1D2B9658EF96}"
	ProjectSection(ProjectDependencies) = postProject
	EndProjectSection
EndProject
Project("{8BC9CEB8-8B4A-11D0-8D11-00A0C91BC942}") = "szip", "..\extlibs\szip\szip.vcproj", "{A9096C29-91F3-3863-A212-F3DE78A297AE}"
	ProjectSection(ProjectDependencies) = postProject
	EndProjectSection
EndProject
Project("{8BC9CEB8-8B4A-11D0-8D11-00A0C91BC942}") = "geotrans", "..\extlibs\geotrans\geotrans.vcproj", "{B03021EC-D6B9-3894-89A6-A9D275D2C371}"
	ProjectSection(ProjectDependencies) = postProject
	EndProjectSection
EndProject
Project("{8BC9CEB8-8B4A-11D0-8D11-00A0C91BC942}") = "zlib", "..\extlibs\zlib\zlib.vcproj", "{2129DF74-97DA-389C-8F19-9137953885CF}"
	ProjectSection(ProjectDependencies) = postProject
	EndProjectSection
EndProject
Global
	GlobalSection(SolutionConfiguration) = preSolution
		Debug = Debug
		Release = Release
	EndGlobalSection
	GlobalSection(ProjectConfiguration) = postSolution
		{0658F8CF-5158-3D02-B18E-6B159F552323}.Debug.ActiveCfg = Debug|Win32
		{0658F8CF-5158-3D02-B18E-6B159F552323}.Debug.Build.0 = Debug|Win32
		{0658F8CF-5158-3D02-B18E-6B159F552323}.Release.ActiveCfg = Release|Win32
		{0658F8CF-5158-3D02-B18E-6B159F552323}.Release.Build.0 = Release|Win32
		{0EBD1012-DEFF-37BE-BE58-3E99E0158F3A}.Debug.ActiveCfg = Debug|Win32
		{0EBD1012-DEFF-37BE-BE58-3E99E0158F3A}.Debug.Build.0 = Debug|Win32
		{0EBD1012-DEFF-37BE-BE58-3E99E0158F3A}.Release.ActiveCfg = Release|Win32
		{0EBD1012-DEFF-37BE-BE58-3E99E0158F3A}.Release.Build.0 = Release|Win32
		{2243CE43-21B7-31C3-9696-F30C93D7A537}.Debug.ActiveCfg = Debug|Win32
		{2243CE43-21B7-31C3-9696-F30C93D7A537}.Debug.Build.0 = Debug|Win32
		{2243CE43-21B7-31C3-9696-F30C93D7A537}.Release.ActiveCfg = Release|Win32
		{2243CE43-21B7-31C3-9696-F30C93D7A537}.Release.Build.0 = Release|Win32
		{152CE948-F659-4206-A50A-1D2B9658EF96}.Debug.ActiveCfg = Debug|Win32
		{152CE948-F659-4206-A50A-1D2B9658EF96}.Debug.Build.0 = Debug|Win32
		{152CE948-F659-4206-A50A-1D2B9658EF96}.Release.ActiveCfg = Release|Win32
		{152CE948-F659-4206-A50A-1D2B9658EF96}.Release.Build.0 = Release|Win32
		{A9096C29-91F3-3863-A212-F3DE78A297AE}.Debug.ActiveCfg = Debug|Win32
		{A9096C29-91F3-3863-A212-F3DE78A297AE}.Debug.Build.0 = Debug|Win32
		{A9096C29-91F3-3863-A212-F3DE78A297AE}.Release.ActiveCfg = Release|Win32
		{A9096C29-91F3-3863-A212-F3DE78A297AE}.Release.Build.0 = Release|Win32
		{B03021EC-D6B9-3894-89A6-A9D275D2C371}.Debug.ActiveCfg = Debug|Win32
		{B03021EC-D6B9-3894-89A6-A9D275D2C371}.Debug.Build.0 = Debug|Win32
		{B03021EC-D6B9-3894-89A6-A9D275D2C371}.Release.ActiveCfg = Release|Win32
		{B03021EC-D6B9-3894-89A6-A9D275D2C371}.Release.Build.0 = Release|Win32
		{2129DF74-97DA-389C-8F19-9137953885CF}.Debug.ActiveCfg = Debug|Win32
		{2129DF74-97DA-389C-8F19-9137953885CF}.Debug.Build.0 = Debug|Win32
		{2129DF74-97DA-389C-8F19-9137953885CF}.Release.ActiveCfg = Release|Win32
		{2129DF74-97DA-389C-8F19-9137953885CF}.Release.Build.0 = Release|Win32
	EndGlobalSection
	GlobalSection(ExtensibilityGlobals) = postSolution
	EndGlobalSection
	GlobalSection(ExtensibilityAddIns) = postSolution
	EndGlobalSection
EndGlobal
